// !$*UTF8*$!
{
	archiveVersion = 1;
	classes = {
	};
	objectVersion = 56;
	objects = {

/* Begin PBXBuildFile section */
		292A98352997B6C1009B5F21 /* PodcastListView.swift in Sources */ = {isa = PBXBuildFile; fileRef = 292A98342997B6C1009B5F21 /* PodcastListView.swift */; };
		292A98362997B6C1009B5F21 /* PodcastListView.swift in Sources */ = {isa = PBXBuildFile; fileRef = 292A98342997B6C1009B5F21 /* PodcastListView.swift */; };
		292A983829985044009B5F21 /* NetworkService.swift in Sources */ = {isa = PBXBuildFile; fileRef = 292A983729985044009B5F21 /* NetworkService.swift */; };
		292A983929985044009B5F21 /* NetworkService.swift in Sources */ = {isa = PBXBuildFile; fileRef = 292A983729985044009B5F21 /* NetworkService.swift */; };
		292A983C2998BD6B009B5F21 /* AnalyticsService.swift in Sources */ = {isa = PBXBuildFile; fileRef = 292A983B2998BD6B009B5F21 /* AnalyticsService.swift */; };
		292A983D2998BD6B009B5F21 /* AnalyticsService.swift in Sources */ = {isa = PBXBuildFile; fileRef = 292A983B2998BD6B009B5F21 /* AnalyticsService.swift */; };
		292A983F2998BE3B009B5F21 /* DataService.swift in Sources */ = {isa = PBXBuildFile; fileRef = 292A983E2998BE3B009B5F21 /* DataService.swift */; };
		292A98402998BE3B009B5F21 /* DataService.swift in Sources */ = {isa = PBXBuildFile; fileRef = 292A983E2998BE3B009B5F21 /* DataService.swift */; };
		292A984A2998E1C1009B5F21 /* PodcastItem.swift in Sources */ = {isa = PBXBuildFile; fileRef = 292A98492998E1C1009B5F21 /* PodcastItem.swift */; };
		292A984B2998E1C1009B5F21 /* PodcastItem.swift in Sources */ = {isa = PBXBuildFile; fileRef = 292A98492998E1C1009B5F21 /* PodcastItem.swift */; };
		292A984D2998E68F009B5F21 /* CategoryRow.swift in Sources */ = {isa = PBXBuildFile; fileRef = 292A984C2998E68F009B5F21 /* CategoryRow.swift */; };
		292A984E2998E68F009B5F21 /* CategoryRow.swift in Sources */ = {isa = PBXBuildFile; fileRef = 292A984C2998E68F009B5F21 /* CategoryRow.swift */; };
		292A9851299A2098009B5F21 /* ExploreItem.swift in Sources */ = {isa = PBXBuildFile; fileRef = 292A9850299A2098009B5F21 /* ExploreItem.swift */; };
		292A9852299A2098009B5F21 /* ExploreItem.swift in Sources */ = {isa = PBXBuildFile; fileRef = 292A9850299A2098009B5F21 /* ExploreItem.swift */; };
		292A9857299A29FA009B5F21 /* ProgressView.swift in Sources */ = {isa = PBXBuildFile; fileRef = 292A9856299A29FA009B5F21 /* ProgressView.swift */; };
		292A9858299A29FA009B5F21 /* ProgressView.swift in Sources */ = {isa = PBXBuildFile; fileRef = 292A9856299A29FA009B5F21 /* ProgressView.swift */; };
		298329FA29965387000D1BCB /* MyPodcastApp.swift in Sources */ = {isa = PBXBuildFile; fileRef = 298329F929965387000D1BCB /* MyPodcastApp.swift */; };
		298329FC29965387000D1BCB /* ContentView.swift in Sources */ = {isa = PBXBuildFile; fileRef = 298329FB29965387000D1BCB /* ContentView.swift */; };
		298329FE29965388000D1BCB /* Assets.xcassets in Resources */ = {isa = PBXBuildFile; fileRef = 298329FD29965388000D1BCB /* Assets.xcassets */; };
		29832A0129965388000D1BCB /* Preview Assets.xcassets in Resources */ = {isa = PBXBuildFile; fileRef = 29832A0029965388000D1BCB /* Preview Assets.xcassets */; };
		29832A0B29965388000D1BCB /* MyPodcastTests.swift in Sources */ = {isa = PBXBuildFile; fileRef = 29832A0A29965388000D1BCB /* MyPodcastTests.swift */; };
		29832A1529965388000D1BCB /* MyPodcastUITests.swift in Sources */ = {isa = PBXBuildFile; fileRef = 29832A1429965388000D1BCB /* MyPodcastUITests.swift */; };
		29832A1729965388000D1BCB /* MyPodcastUITestsLaunchTests.swift in Sources */ = {isa = PBXBuildFile; fileRef = 29832A1629965388000D1BCB /* MyPodcastUITestsLaunchTests.swift */; };
		29832A2429965679000D1BCB /* LandingScreen.swift in Sources */ = {isa = PBXBuildFile; fileRef = 29832A2329965679000D1BCB /* LandingScreen.swift */; };
		29832A2629965B7A000D1BCB /* InterestsScreen.swift in Sources */ = {isa = PBXBuildFile; fileRef = 29832A2529965B7A000D1BCB /* InterestsScreen.swift */; };
		29832A2829966748000D1BCB /* MainScreen.swift in Sources */ = {isa = PBXBuildFile; fileRef = 29832A2729966748000D1BCB /* MainScreen.swift */; };
		29832A2929966748000D1BCB /* MainScreen.swift in Sources */ = {isa = PBXBuildFile; fileRef = 29832A2729966748000D1BCB /* MainScreen.swift */; };
		29832A2B29966868000D1BCB /* HomeScreen.swift in Sources */ = {isa = PBXBuildFile; fileRef = 29832A2A29966868000D1BCB /* HomeScreen.swift */; };
		29832A2C29966868000D1BCB /* HomeScreen.swift in Sources */ = {isa = PBXBuildFile; fileRef = 29832A2A29966868000D1BCB /* HomeScreen.swift */; };
		29832A2E2996687E000D1BCB /* ExploreScreen.swift in Sources */ = {isa = PBXBuildFile; fileRef = 29832A2D2996687E000D1BCB /* ExploreScreen.swift */; };
		29832A2F2996687E000D1BCB /* ExploreScreen.swift in Sources */ = {isa = PBXBuildFile; fileRef = 29832A2D2996687E000D1BCB /* ExploreScreen.swift */; };
		29832A31299668A2000D1BCB /* ProfileScreen.swift in Sources */ = {isa = PBXBuildFile; fileRef = 29832A30299668A2000D1BCB /* ProfileScreen.swift */; };
		29832A32299668A2000D1BCB /* ProfileScreen.swift in Sources */ = {isa = PBXBuildFile; fileRef = 29832A30299668A2000D1BCB /* ProfileScreen.swift */; };
		29832A34299668B0000D1BCB /* NotificationsScreen.swift in Sources */ = {isa = PBXBuildFile; fileRef = 29832A33299668B0000D1BCB /* NotificationsScreen.swift */; };
		29832A35299668B0000D1BCB /* NotificationsScreen.swift in Sources */ = {isa = PBXBuildFile; fileRef = 29832A33299668B0000D1BCB /* NotificationsScreen.swift */; };
		29832A3929967C1F000D1BCB /* Notification.swift in Sources */ = {isa = PBXBuildFile; fileRef = 29832A3829967C1F000D1BCB /* Notification.swift */; };
		29832A3A29967C1F000D1BCB /* Notification.swift in Sources */ = {isa = PBXBuildFile; fileRef = 29832A3829967C1F000D1BCB /* Notification.swift */; };
		29832A3D29967CA8000D1BCB /* NotificationRow.swift in Sources */ = {isa = PBXBuildFile; fileRef = 29832A3C29967CA8000D1BCB /* NotificationRow.swift */; };
		29832A3E29967CA8000D1BCB /* NotificationRow.swift in Sources */ = {isa = PBXBuildFile; fileRef = 29832A3C29967CA8000D1BCB /* NotificationRow.swift */; };
		29832A4229968A7D000D1BCB /* ModelData.swift in Sources */ = {isa = PBXBuildFile; fileRef = 29832A4129968A7D000D1BCB /* ModelData.swift */; };
		29832A4329968A7D000D1BCB /* ModelData.swift in Sources */ = {isa = PBXBuildFile; fileRef = 29832A4129968A7D000D1BCB /* ModelData.swift */; };
		29832A4429968BEF000D1BCB /* Notifications.json in Resources */ = {isa = PBXBuildFile; fileRef = 29832A402996898E000D1BCB /* Notifications.json */; };
		29832A4729969040000D1BCB /* AuthenticationScreen.swift in Sources */ = {isa = PBXBuildFile; fileRef = 29832A4629969040000D1BCB /* AuthenticationScreen.swift */; };
		29832A4829969040000D1BCB /* AuthenticationScreen.swift in Sources */ = {isa = PBXBuildFile; fileRef = 29832A4629969040000D1BCB /* AuthenticationScreen.swift */; };
		29832A4A299691ED000D1BCB /* Podcast.swift in Sources */ = {isa = PBXBuildFile; fileRef = 29832A49299691ED000D1BCB /* Podcast.swift */; };
		29832A4B299691ED000D1BCB /* Podcast.swift in Sources */ = {isa = PBXBuildFile; fileRef = 29832A49299691ED000D1BCB /* Podcast.swift */; };
		29832A4D29969338000D1BCB /* Podcasts.json in Resources */ = {isa = PBXBuildFile; fileRef = 29832A4C29969338000D1BCB /* Podcasts.json */; };
		29832A4F2996941B000D1BCB /* PodcastView.swift in Sources */ = {isa = PBXBuildFile; fileRef = 29832A4E2996941B000D1BCB /* PodcastView.swift */; };
		29832A502996941B000D1BCB /* PodcastView.swift in Sources */ = {isa = PBXBuildFile; fileRef = 29832A4E2996941B000D1BCB /* PodcastView.swift */; };
		29832A5229978C2D000D1BCB /* PodcastDetailsScreen.swift in Sources */ = {isa = PBXBuildFile; fileRef = 29832A5129978C2D000D1BCB /* PodcastDetailsScreen.swift */; };
		29832A5329978C2D000D1BCB /* PodcastDetailsScreen.swift in Sources */ = {isa = PBXBuildFile; fileRef = 29832A5129978C2D000D1BCB /* PodcastDetailsScreen.swift */; };
		29D131A22997918100C4EB7B /* PodcastRow.swift in Sources */ = {isa = PBXBuildFile; fileRef = 29D131A12997918100C4EB7B /* PodcastRow.swift */; };
		29D131A32997918100C4EB7B /* PodcastRow.swift in Sources */ = {isa = PBXBuildFile; fileRef = 29D131A12997918100C4EB7B /* PodcastRow.swift */; };
/* End PBXBuildFile section */

/* Begin PBXContainerItemProxy section */
		29832A0729965388000D1BCB /* PBXContainerItemProxy */ = {
			isa = PBXContainerItemProxy;
			containerPortal = 298329EE29965387000D1BCB /* Project object */;
			proxyType = 1;
			remoteGlobalIDString = 298329F529965387000D1BCB;
			remoteInfo = MyPodcast;
		};
		29832A1129965388000D1BCB /* PBXContainerItemProxy */ = {
			isa = PBXContainerItemProxy;
			containerPortal = 298329EE29965387000D1BCB /* Project object */;
			proxyType = 1;
			remoteGlobalIDString = 298329F529965387000D1BCB;
			remoteInfo = MyPodcast;
		};
/* End PBXContainerItemProxy section */

/* Begin PBXFileReference section */
		292A98342997B6C1009B5F21 /* PodcastListView.swift */ = {isa = PBXFileReference; lastKnownFileType = sourcecode.swift; path = PodcastListView.swift; sourceTree = "<group>"; };
		292A983729985044009B5F21 /* NetworkService.swift */ = {isa = PBXFileReference; lastKnownFileType = sourcecode.swift; path = NetworkService.swift; sourceTree = "<group>"; };
		292A983B2998BD6B009B5F21 /* AnalyticsService.swift */ = {isa = PBXFileReference; lastKnownFileType = sourcecode.swift; path = AnalyticsService.swift; sourceTree = "<group>"; };
		292A983E2998BE3B009B5F21 /* DataService.swift */ = {isa = PBXFileReference; lastKnownFileType = sourcecode.swift; path = DataService.swift; sourceTree = "<group>"; };
		292A98492998E1C1009B5F21 /* PodcastItem.swift */ = {isa = PBXFileReference; lastKnownFileType = sourcecode.swift; path = PodcastItem.swift; sourceTree = "<group>"; };
		292A984C2998E68F009B5F21 /* CategoryRow.swift */ = {isa = PBXFileReference; lastKnownFileType = sourcecode.swift; path = CategoryRow.swift; sourceTree = "<group>"; };
		292A9850299A2098009B5F21 /* ExploreItem.swift */ = {isa = PBXFileReference; lastKnownFileType = sourcecode.swift; path = ExploreItem.swift; sourceTree = "<group>"; };
		292A9856299A29FA009B5F21 /* ProgressView.swift */ = {isa = PBXFileReference; lastKnownFileType = sourcecode.swift; path = ProgressView.swift; sourceTree = "<group>"; };
		298329F629965387000D1BCB /* MyPodcast.app */ = {isa = PBXFileReference; explicitFileType = wrapper.application; includeInIndex = 0; path = MyPodcast.app; sourceTree = BUILT_PRODUCTS_DIR; };
		298329F929965387000D1BCB /* MyPodcastApp.swift */ = {isa = PBXFileReference; lastKnownFileType = sourcecode.swift; path = MyPodcastApp.swift; sourceTree = "<group>"; };
		298329FB29965387000D1BCB /* ContentView.swift */ = {isa = PBXFileReference; lastKnownFileType = sourcecode.swift; path = ContentView.swift; sourceTree = "<group>"; };
		298329FD29965388000D1BCB /* Assets.xcassets */ = {isa = PBXFileReference; lastKnownFileType = folder.assetcatalog; path = Assets.xcassets; sourceTree = "<group>"; };
		29832A0029965388000D1BCB /* Preview Assets.xcassets */ = {isa = PBXFileReference; lastKnownFileType = folder.assetcatalog; path = "Preview Assets.xcassets"; sourceTree = "<group>"; };
		29832A0629965388000D1BCB /* MyPodcastTests.xctest */ = {isa = PBXFileReference; explicitFileType = wrapper.cfbundle; includeInIndex = 0; path = MyPodcastTests.xctest; sourceTree = BUILT_PRODUCTS_DIR; };
		29832A0A29965388000D1BCB /* MyPodcastTests.swift */ = {isa = PBXFileReference; lastKnownFileType = sourcecode.swift; path = MyPodcastTests.swift; sourceTree = "<group>"; };
		29832A1029965388000D1BCB /* MyPodcastUITests.xctest */ = {isa = PBXFileReference; explicitFileType = wrapper.cfbundle; includeInIndex = 0; path = MyPodcastUITests.xctest; sourceTree = BUILT_PRODUCTS_DIR; };
		29832A1429965388000D1BCB /* MyPodcastUITests.swift */ = {isa = PBXFileReference; lastKnownFileType = sourcecode.swift; path = MyPodcastUITests.swift; sourceTree = "<group>"; };
		29832A1629965388000D1BCB /* MyPodcastUITestsLaunchTests.swift */ = {isa = PBXFileReference; lastKnownFileType = sourcecode.swift; path = MyPodcastUITestsLaunchTests.swift; sourceTree = "<group>"; };
		29832A2329965679000D1BCB /* LandingScreen.swift */ = {isa = PBXFileReference; lastKnownFileType = sourcecode.swift; path = LandingScreen.swift; sourceTree = "<group>"; };
		29832A2529965B7A000D1BCB /* InterestsScreen.swift */ = {isa = PBXFileReference; lastKnownFileType = sourcecode.swift; path = InterestsScreen.swift; sourceTree = "<group>"; };
		29832A2729966748000D1BCB /* MainScreen.swift */ = {isa = PBXFileReference; lastKnownFileType = sourcecode.swift; path = MainScreen.swift; sourceTree = "<group>"; };
		29832A2A29966868000D1BCB /* HomeScreen.swift */ = {isa = PBXFileReference; lastKnownFileType = sourcecode.swift; path = HomeScreen.swift; sourceTree = "<group>"; };
		29832A2D2996687E000D1BCB /* ExploreScreen.swift */ = {isa = PBXFileReference; lastKnownFileType = sourcecode.swift; path = ExploreScreen.swift; sourceTree = "<group>"; };
		29832A30299668A2000D1BCB /* ProfileScreen.swift */ = {isa = PBXFileReference; lastKnownFileType = sourcecode.swift; path = ProfileScreen.swift; sourceTree = "<group>"; };
		29832A33299668B0000D1BCB /* NotificationsScreen.swift */ = {isa = PBXFileReference; lastKnownFileType = sourcecode.swift; path = NotificationsScreen.swift; sourceTree = "<group>"; };
		29832A3829967C1F000D1BCB /* Notification.swift */ = {isa = PBXFileReference; lastKnownFileType = sourcecode.swift; path = Notification.swift; sourceTree = "<group>"; };
		29832A3C29967CA8000D1BCB /* NotificationRow.swift */ = {isa = PBXFileReference; lastKnownFileType = sourcecode.swift; path = NotificationRow.swift; sourceTree = "<group>"; };
		29832A402996898E000D1BCB /* Notifications.json */ = {isa = PBXFileReference; lastKnownFileType = text.json; path = Notifications.json; sourceTree = "<group>"; };
		29832A4129968A7D000D1BCB /* ModelData.swift */ = {isa = PBXFileReference; lastKnownFileType = sourcecode.swift; path = ModelData.swift; sourceTree = "<group>"; };
		29832A4629969040000D1BCB /* AuthenticationScreen.swift */ = {isa = PBXFileReference; lastKnownFileType = sourcecode.swift; path = AuthenticationScreen.swift; sourceTree = "<group>"; };
		29832A49299691ED000D1BCB /* Podcast.swift */ = {isa = PBXFileReference; lastKnownFileType = sourcecode.swift; path = Podcast.swift; sourceTree = "<group>"; };
		29832A4C29969338000D1BCB /* Podcasts.json */ = {isa = PBXFileReference; lastKnownFileType = text.json; path = Podcasts.json; sourceTree = "<group>"; };
		29832A4E2996941B000D1BCB /* PodcastView.swift */ = {isa = PBXFileReference; lastKnownFileType = sourcecode.swift; path = PodcastView.swift; sourceTree = "<group>"; };
		29832A5129978C2D000D1BCB /* PodcastDetailsScreen.swift */ = {isa = PBXFileReference; lastKnownFileType = sourcecode.swift; path = PodcastDetailsScreen.swift; sourceTree = "<group>"; };
		29D131A12997918100C4EB7B /* PodcastRow.swift */ = {isa = PBXFileReference; lastKnownFileType = sourcecode.swift; path = PodcastRow.swift; sourceTree = "<group>"; };
/* End PBXFileReference section */

/* Begin PBXFrameworksBuildPhase section */
		298329F329965387000D1BCB /* Frameworks */ = {
			isa = PBXFrameworksBuildPhase;
			buildActionMask = 2147483647;
			files = (
			);
			runOnlyForDeploymentPostprocessing = 0;
		};
		29832A0329965388000D1BCB /* Frameworks */ = {
			isa = PBXFrameworksBuildPhase;
			buildActionMask = 2147483647;
			files = (
			);
			runOnlyForDeploymentPostprocessing = 0;
		};
		29832A0D29965388000D1BCB /* Frameworks */ = {
			isa = PBXFrameworksBuildPhase;
			buildActionMask = 2147483647;
			files = (
			);
			runOnlyForDeploymentPostprocessing = 0;
		};
/* End PBXFrameworksBuildPhase section */

/* Begin PBXGroup section */
		292A983A2998BD53009B5F21 /* Services */ = {
			isa = PBXGroup;
			children = (
				292A983729985044009B5F21 /* NetworkService.swift */,
				292A983B2998BD6B009B5F21 /* AnalyticsService.swift */,
				292A983E2998BE3B009B5F21 /* DataService.swift */,
			);
			path = Services;
			sourceTree = "<group>";
		};
		292A98482998D9AB009B5F21 /* Home */ = {
			isa = PBXGroup;
			children = (
				29832A2A29966868000D1BCB /* HomeScreen.swift */,
				292A984C2998E68F009B5F21 /* CategoryRow.swift */,
			);
			path = Home;
			sourceTree = "<group>";
		};
		292A984F299A2085009B5F21 /* Explore */ = {
			isa = PBXGroup;
			children = (
				29832A2D2996687E000D1BCB /* ExploreScreen.swift */,
				292A9850299A2098009B5F21 /* ExploreItem.swift */,
			);
			path = Explore;
			sourceTree = "<group>";
		};
		292A9853299A2869009B5F21 /* Onboarding */ = {
			isa = PBXGroup;
			children = (
				29832A2329965679000D1BCB /* LandingScreen.swift */,
				29832A2529965B7A000D1BCB /* InterestsScreen.swift */,
				29832A4629969040000D1BCB /* AuthenticationScreen.swift */,
			);
			path = Onboarding;
			sourceTree = "<group>";
		};
		292A9854299A2889009B5F21 /* Profile */ = {
			isa = PBXGroup;
			children = (
				29832A30299668A2000D1BCB /* ProfileScreen.swift */,
			);
			path = Profile;
			sourceTree = "<group>";
		};
		292A9855299A29EF009B5F21 /* Player */ = {
			isa = PBXGroup;
			children = (
				292A9856299A29FA009B5F21 /* ProgressView.swift */,
			);
			path = Player;
			sourceTree = "<group>";
		};
		298329ED29965387000D1BCB = {
			isa = PBXGroup;
			children = (
				298329F829965387000D1BCB /* MyPodcast */,
				29832A0929965388000D1BCB /* MyPodcastTests */,
				29832A1329965388000D1BCB /* MyPodcastUITests */,
				298329F729965387000D1BCB /* Products */,
			);
			sourceTree = "<group>";
		};
		298329F729965387000D1BCB /* Products */ = {
			isa = PBXGroup;
			children = (
				298329F629965387000D1BCB /* MyPodcast.app */,
				29832A0629965388000D1BCB /* MyPodcastTests.xctest */,
				29832A1029965388000D1BCB /* MyPodcastUITests.xctest */,
			);
			name = Products;
			sourceTree = "<group>";
		};
		298329F829965387000D1BCB /* MyPodcast */ = {
			isa = PBXGroup;
			children = (
				292A983A2998BD53009B5F21 /* Services */,
				29832A3F29968954000D1BCB /* Resources */,
				29832A3729967C13000D1BCB /* Models */,
				29832A3629967C07000D1BCB /* Views */,
				298329F929965387000D1BCB /* MyPodcastApp.swift */,
				298329FB29965387000D1BCB /* ContentView.swift */,
				298329FD29965388000D1BCB /* Assets.xcassets */,
				298329FF29965388000D1BCB /* Preview Content */,
			);
			path = MyPodcast;
			sourceTree = "<group>";
		};
		298329FF29965388000D1BCB /* Preview Content */ = {
			isa = PBXGroup;
			children = (
				29832A0029965388000D1BCB /* Preview Assets.xcassets */,
			);
			path = "Preview Content";
			sourceTree = "<group>";
		};
		29832A0929965388000D1BCB /* MyPodcastTests */ = {
			isa = PBXGroup;
			children = (
				29832A0A29965388000D1BCB /* MyPodcastTests.swift */,
			);
			path = MyPodcastTests;
			sourceTree = "<group>";
		};
		29832A1329965388000D1BCB /* MyPodcastUITests */ = {
			isa = PBXGroup;
			children = (
				29832A1429965388000D1BCB /* MyPodcastUITests.swift */,
				29832A1629965388000D1BCB /* MyPodcastUITestsLaunchTests.swift */,
			);
			path = MyPodcastUITests;
			sourceTree = "<group>";
		};
		29832A3629967C07000D1BCB /* Views */ = {
			isa = PBXGroup;
			children = (
				292A9855299A29EF009B5F21 /* Player */,
				292A9854299A2889009B5F21 /* Profile */,
				292A9853299A2869009B5F21 /* Onboarding */,
				292A984F299A2085009B5F21 /* Explore */,
				292A98482998D9AB009B5F21 /* Home */,
				29832A3B29967C98000D1BCB /* Notifications */,
				29D131A02997915000C4EB7B /* Podcast */,
				29832A2729966748000D1BCB /* MainScreen.swift */,
			);
			path = Views;
			sourceTree = "<group>";
		};
		29832A3729967C13000D1BCB /* Models */ = {
			isa = PBXGroup;
			children = (
				29832A3829967C1F000D1BCB /* Notification.swift */,
				29832A4129968A7D000D1BCB /* ModelData.swift */,
				29832A49299691ED000D1BCB /* Podcast.swift */,
			);
			path = Models;
			sourceTree = "<group>";
		};
		29832A3B29967C98000D1BCB /* Notifications */ = {
			isa = PBXGroup;
			children = (
				29832A3C29967CA8000D1BCB /* NotificationRow.swift */,
				29832A33299668B0000D1BCB /* NotificationsScreen.swift */,
			);
			path = Notifications;
			sourceTree = "<group>";
		};
		29832A3F29968954000D1BCB /* Resources */ = {
			isa = PBXGroup;
			children = (
				29832A402996898E000D1BCB /* Notifications.json */,
				29832A4C29969338000D1BCB /* Podcasts.json */,
			);
			path = Resources;
			sourceTree = "<group>";
		};
		29D131A02997915000C4EB7B /* Podcast */ = {
			isa = PBXGroup;
			children = (
				29832A4E2996941B000D1BCB /* PodcastView.swift */,
				29832A5129978C2D000D1BCB /* PodcastDetailsScreen.swift */,
				29D131A12997918100C4EB7B /* PodcastRow.swift */,
				292A98342997B6C1009B5F21 /* PodcastListView.swift */,
				292A98492998E1C1009B5F21 /* PodcastItem.swift */,
			);
			path = Podcast;
			sourceTree = "<group>";
		};
/* End PBXGroup section */

/* Begin PBXNativeTarget section */
		298329F529965387000D1BCB /* MyPodcast */ = {
			isa = PBXNativeTarget;
			buildConfigurationList = 29832A1A29965388000D1BCB /* Build configuration list for PBXNativeTarget "MyPodcast" */;
			buildPhases = (
				298329F229965387000D1BCB /* Sources */,
				298329F329965387000D1BCB /* Frameworks */,
				298329F429965387000D1BCB /* Resources */,
			);
			buildRules = (
			);
			dependencies = (
			);
			name = MyPodcast;
			productName = MyPodcast;
			productReference = 298329F629965387000D1BCB /* MyPodcast.app */;
			productType = "com.apple.product-type.application";
		};
		29832A0529965388000D1BCB /* MyPodcastTests */ = {
			isa = PBXNativeTarget;
			buildConfigurationList = 29832A1D29965388000D1BCB /* Build configuration list for PBXNativeTarget "MyPodcastTests" */;
			buildPhases = (
				29832A0229965388000D1BCB /* Sources */,
				29832A0329965388000D1BCB /* Frameworks */,
				29832A0429965388000D1BCB /* Resources */,
			);
			buildRules = (
			);
			dependencies = (
				29832A0829965388000D1BCB /* PBXTargetDependency */,
			);
			name = MyPodcastTests;
			productName = MyPodcastTests;
			productReference = 29832A0629965388000D1BCB /* MyPodcastTests.xctest */;
			productType = "com.apple.product-type.bundle.unit-test";
		};
		29832A0F29965388000D1BCB /* MyPodcastUITests */ = {
			isa = PBXNativeTarget;
			buildConfigurationList = 29832A2029965388000D1BCB /* Build configuration list for PBXNativeTarget "MyPodcastUITests" */;
			buildPhases = (
				29832A0C29965388000D1BCB /* Sources */,
				29832A0D29965388000D1BCB /* Frameworks */,
				29832A0E29965388000D1BCB /* Resources */,
			);
			buildRules = (
			);
			dependencies = (
				29832A1229965388000D1BCB /* PBXTargetDependency */,
			);
			name = MyPodcastUITests;
			productName = MyPodcastUITests;
			productReference = 29832A1029965388000D1BCB /* MyPodcastUITests.xctest */;
			productType = "com.apple.product-type.bundle.ui-testing";
		};
/* End PBXNativeTarget section */

/* Begin PBXProject section */
		298329EE29965387000D1BCB /* Project object */ = {
			isa = PBXProject;
			attributes = {
				BuildIndependentTargetsInParallel = 1;
				LastSwiftUpdateCheck = 1420;
				LastUpgradeCheck = 1420;
				TargetAttributes = {
					298329F529965387000D1BCB = {
						CreatedOnToolsVersion = 14.2;
					};
					29832A0529965388000D1BCB = {
						CreatedOnToolsVersion = 14.2;
						TestTargetID = 298329F529965387000D1BCB;
					};
					29832A0F29965388000D1BCB = {
						CreatedOnToolsVersion = 14.2;
						TestTargetID = 298329F529965387000D1BCB;
					};
				};
			};
			buildConfigurationList = 298329F129965387000D1BCB /* Build configuration list for PBXProject "MyPodcast" */;
			compatibilityVersion = "Xcode 14.0";
			developmentRegion = en;
			hasScannedForEncodings = 0;
			knownRegions = (
				en,
				Base,
			);
			mainGroup = 298329ED29965387000D1BCB;
			productRefGroup = 298329F729965387000D1BCB /* Products */;
			projectDirPath = "";
			projectRoot = "";
			targets = (
				298329F529965387000D1BCB /* MyPodcast */,
				29832A0529965388000D1BCB /* MyPodcastTests */,
				29832A0F29965388000D1BCB /* MyPodcastUITests */,
			);
		};
/* End PBXProject section */

/* Begin PBXResourcesBuildPhase section */
		298329F429965387000D1BCB /* Resources */ = {
			isa = PBXResourcesBuildPhase;
			buildActionMask = 2147483647;
			files = (
				29832A0129965388000D1BCB /* Preview Assets.xcassets in Resources */,
				298329FE29965388000D1BCB /* Assets.xcassets in Resources */,
				29832A4D29969338000D1BCB /* Podcasts.json in Resources */,
				29832A4429968BEF000D1BCB /* Notifications.json in Resources */,
			);
			runOnlyForDeploymentPostprocessing = 0;
		};
		29832A0429965388000D1BCB /* Resources */ = {
			isa = PBXResourcesBuildPhase;
			buildActionMask = 2147483647;
			files = (
			);
			runOnlyForDeploymentPostprocessing = 0;
		};
		29832A0E29965388000D1BCB /* Resources */ = {
			isa = PBXResourcesBuildPhase;
			buildActionMask = 2147483647;
			files = (
			);
			runOnlyForDeploymentPostprocessing = 0;
		};
/* End PBXResourcesBuildPhase section */

/* Begin PBXSourcesBuildPhase section */
		298329F229965387000D1BCB /* Sources */ = {
			isa = PBXSourcesBuildPhase;
			buildActionMask = 2147483647;
			files = (
				29832A34299668B0000D1BCB /* NotificationsScreen.swift in Sources */,
				29D131A22997918100C4EB7B /* PodcastRow.swift in Sources */,
				292A9851299A2098009B5F21 /* ExploreItem.swift in Sources */,
				29832A3D29967CA8000D1BCB /* NotificationRow.swift in Sources */,
				292A98352997B6C1009B5F21 /* PodcastListView.swift in Sources */,
				298329FC29965387000D1BCB /* ContentView.swift in Sources */,
				29832A2E2996687E000D1BCB /* ExploreScreen.swift in Sources */,
				292A984D2998E68F009B5F21 /* CategoryRow.swift in Sources */,
				292A983C2998BD6B009B5F21 /* AnalyticsService.swift in Sources */,
				29832A4729969040000D1BCB /* AuthenticationScreen.swift in Sources */,
				29832A4F2996941B000D1BCB /* PodcastView.swift in Sources */,
				29832A2629965B7A000D1BCB /* InterestsScreen.swift in Sources */,
				292A9857299A29FA009B5F21 /* ProgressView.swift in Sources */,
				29832A4229968A7D000D1BCB /* ModelData.swift in Sources */,
				29832A2B29966868000D1BCB /* HomeScreen.swift in Sources */,
				29832A5229978C2D000D1BCB /* PodcastDetailsScreen.swift in Sources */,
				29832A4A299691ED000D1BCB /* Podcast.swift in Sources */,
				29832A2829966748000D1BCB /* MainScreen.swift in Sources */,
				292A983F2998BE3B009B5F21 /* DataService.swift in Sources */,
				29832A3929967C1F000D1BCB /* Notification.swift in Sources */,
				292A984A2998E1C1009B5F21 /* PodcastItem.swift in Sources */,
				292A983829985044009B5F21 /* NetworkService.swift in Sources */,
				29832A2429965679000D1BCB /* LandingScreen.swift in Sources */,
				298329FA29965387000D1BCB /* MyPodcastApp.swift in Sources */,
				29832A31299668A2000D1BCB /* ProfileScreen.swift in Sources */,
			);
			runOnlyForDeploymentPostprocessing = 0;
		};
		29832A0229965388000D1BCB /* Sources */ = {
			isa = PBXSourcesBuildPhase;
			buildActionMask = 2147483647;
			files = (
				29832A35299668B0000D1BCB /* NotificationsScreen.swift in Sources */,
				29832A4829969040000D1BCB /* AuthenticationScreen.swift in Sources */,
				292A9852299A2098009B5F21 /* ExploreItem.swift in Sources */,
				292A984E2998E68F009B5F21 /* CategoryRow.swift in Sources */,
				29832A2929966748000D1BCB /* MainScreen.swift in Sources */,
				29832A4329968A7D000D1BCB /* ModelData.swift in Sources */,
				29832A2F2996687E000D1BCB /* ExploreScreen.swift in Sources */,
				292A983D2998BD6B009B5F21 /* AnalyticsService.swift in Sources */,
				29832A502996941B000D1BCB /* PodcastView.swift in Sources */,
				29832A3A29967C1F000D1BCB /* Notification.swift in Sources */,
				292A984B2998E1C1009B5F21 /* PodcastItem.swift in Sources */,
				29832A5329978C2D000D1BCB /* PodcastDetailsScreen.swift in Sources */,
				292A98402998BE3B009B5F21 /* DataService.swift in Sources */,
				29832A0B29965388000D1BCB /* MyPodcastTests.swift in Sources */,
				29832A4B299691ED000D1BCB /* Podcast.swift in Sources */,
				292A983929985044009B5F21 /* NetworkService.swift in Sources */,
				29832A2C29966868000D1BCB /* HomeScreen.swift in Sources */,
				29832A32299668A2000D1BCB /* ProfileScreen.swift in Sources */,
				292A98362997B6C1009B5F21 /* PodcastListView.swift in Sources */,
				29832A3E29967CA8000D1BCB /* NotificationRow.swift in Sources */,
				29D131A32997918100C4EB7B /* PodcastRow.swift in Sources */,
				292A9858299A29FA009B5F21 /* ProgressView.swift in Sources */,
			);
			runOnlyForDeploymentPostprocessing = 0;
		};
		29832A0C29965388000D1BCB /* Sources */ = {
			isa = PBXSourcesBuildPhase;
			buildActionMask = 2147483647;
			files = (
				29832A1529965388000D1BCB /* MyPodcastUITests.swift in Sources */,
				29832A1729965388000D1BCB /* MyPodcastUITestsLaunchTests.swift in Sources */,
			);
			runOnlyForDeploymentPostprocessing = 0;
		};
/* End PBXSourcesBuildPhase section */

/* Begin PBXTargetDependency section */
		29832A0829965388000D1BCB /* PBXTargetDependency */ = {
			isa = PBXTargetDependency;
			target = 298329F529965387000D1BCB /* MyPodcast */;
			targetProxy = 29832A0729965388000D1BCB /* PBXContainerItemProxy */;
		};
		29832A1229965388000D1BCB /* PBXTargetDependency */ = {
			isa = PBXTargetDependency;
			target = 298329F529965387000D1BCB /* MyPodcast */;
			targetProxy = 29832A1129965388000D1BCB /* PBXContainerItemProxy */;
		};
/* End PBXTargetDependency section */

/* Begin XCBuildConfiguration section */
		29832A1829965388000D1BCB /* Debug */ = {
			isa = XCBuildConfiguration;
			buildSettings = {
				ALWAYS_SEARCH_USER_PATHS = NO;
				CLANG_ANALYZER_NONNULL = YES;
				CLANG_ANALYZER_NUMBER_OBJECT_CONVERSION = YES_AGGRESSIVE;
				CLANG_CXX_LANGUAGE_STANDARD = "gnu++20";
				CLANG_ENABLE_MODULES = YES;
				CLANG_ENABLE_OBJC_ARC = YES;
				CLANG_ENABLE_OBJC_WEAK = YES;
				CLANG_WARN_BLOCK_CAPTURE_AUTORELEASING = YES;
				CLANG_WARN_BOOL_CONVERSION = YES;
				CLANG_WARN_COMMA = YES;
				CLANG_WARN_CONSTANT_CONVERSION = YES;
				CLANG_WARN_DEPRECATED_OBJC_IMPLEMENTATIONS = YES;
				CLANG_WARN_DIRECT_OBJC_ISA_USAGE = YES_ERROR;
				CLANG_WARN_DOCUMENTATION_COMMENTS = YES;
				CLANG_WARN_EMPTY_BODY = YES;
				CLANG_WARN_ENUM_CONVERSION = YES;
				CLANG_WARN_INFINITE_RECURSION = YES;
				CLANG_WARN_INT_CONVERSION = YES;
				CLANG_WARN_NON_LITERAL_NULL_CONVERSION = YES;
				CLANG_WARN_OBJC_IMPLICIT_RETAIN_SELF = YES;
				CLANG_WARN_OBJC_LITERAL_CONVERSION = YES;
				CLANG_WARN_OBJC_ROOT_CLASS = YES_ERROR;
				CLANG_WARN_QUOTED_INCLUDE_IN_FRAMEWORK_HEADER = YES;
				CLANG_WARN_RANGE_LOOP_ANALYSIS = YES;
				CLANG_WARN_STRICT_PROTOTYPES = YES;
				CLANG_WARN_SUSPICIOUS_MOVE = YES;
				CLANG_WARN_UNGUARDED_AVAILABILITY = YES_AGGRESSIVE;
				CLANG_WARN_UNREACHABLE_CODE = YES;
				CLANG_WARN__DUPLICATE_METHOD_MATCH = YES;
				COPY_PHASE_STRIP = NO;
				DEBUG_INFORMATION_FORMAT = dwarf;
				ENABLE_STRICT_OBJC_MSGSEND = YES;
				ENABLE_TESTABILITY = YES;
				GCC_C_LANGUAGE_STANDARD = gnu11;
				GCC_DYNAMIC_NO_PIC = NO;
				GCC_NO_COMMON_BLOCKS = YES;
				GCC_OPTIMIZATION_LEVEL = 0;
				GCC_PREPROCESSOR_DEFINITIONS = (
					"DEBUG=1",
					"$(inherited)",
				);
				GCC_WARN_64_TO_32_BIT_CONVERSION = YES;
				GCC_WARN_ABOUT_RETURN_TYPE = YES_ERROR;
				GCC_WARN_UNDECLARED_SELECTOR = YES;
				GCC_WARN_UNINITIALIZED_AUTOS = YES_AGGRESSIVE;
				GCC_WARN_UNUSED_FUNCTION = YES;
				GCC_WARN_UNUSED_VARIABLE = YES;
				IPHONEOS_DEPLOYMENT_TARGET = 16.2;
				MTL_ENABLE_DEBUG_INFO = INCLUDE_SOURCE;
				MTL_FAST_MATH = YES;
				ONLY_ACTIVE_ARCH = YES;
				SDKROOT = iphoneos;
				SWIFT_ACTIVE_COMPILATION_CONDITIONS = DEBUG;
				SWIFT_OPTIMIZATION_LEVEL = "-Onone";
			};
			name = Debug;
		};
		29832A1929965388000D1BCB /* Release */ = {
			isa = XCBuildConfiguration;
			buildSettings = {
				ALWAYS_SEARCH_USER_PATHS = NO;
				CLANG_ANALYZER_NONNULL = YES;
				CLANG_ANALYZER_NUMBER_OBJECT_CONVERSION = YES_AGGRESSIVE;
				CLANG_CXX_LANGUAGE_STANDARD = "gnu++20";
				CLANG_ENABLE_MODULES = YES;
				CLANG_ENABLE_OBJC_ARC = YES;
				CLANG_ENABLE_OBJC_WEAK = YES;
				CLANG_WARN_BLOCK_CAPTURE_AUTORELEASING = YES;
				CLANG_WARN_BOOL_CONVERSION = YES;
				CLANG_WARN_COMMA = YES;
				CLANG_WARN_CONSTANT_CONVERSION = YES;
				CLANG_WARN_DEPRECATED_OBJC_IMPLEMENTATIONS = YES;
				CLANG_WARN_DIRECT_OBJC_ISA_USAGE = YES_ERROR;
				CLANG_WARN_DOCUMENTATION_COMMENTS = YES;
				CLANG_WARN_EMPTY_BODY = YES;
				CLANG_WARN_ENUM_CONVERSION = YES;
				CLANG_WARN_INFINITE_RECURSION = YES;
				CLANG_WARN_INT_CONVERSION = YES;
				CLANG_WARN_NON_LITERAL_NULL_CONVERSION = YES;
				CLANG_WARN_OBJC_IMPLICIT_RETAIN_SELF = YES;
				CLANG_WARN_OBJC_LITERAL_CONVERSION = YES;
				CLANG_WARN_OBJC_ROOT_CLASS = YES_ERROR;
				CLANG_WARN_QUOTED_INCLUDE_IN_FRAMEWORK_HEADER = YES;
				CLANG_WARN_RANGE_LOOP_ANALYSIS = YES;
				CLANG_WARN_STRICT_PROTOTYPES = YES;
				CLANG_WARN_SUSPICIOUS_MOVE = YES;
				CLANG_WARN_UNGUARDED_AVAILABILITY = YES_AGGRESSIVE;
				CLANG_WARN_UNREACHABLE_CODE = YES;
				CLANG_WARN__DUPLICATE_METHOD_MATCH = YES;
				COPY_PHASE_STRIP = NO;
				DEBUG_INFORMATION_FORMAT = "dwarf-with-dsym";
				ENABLE_NS_ASSERTIONS = NO;
				ENABLE_STRICT_OBJC_MSGSEND = YES;
				GCC_C_LANGUAGE_STANDARD = gnu11;
				GCC_NO_COMMON_BLOCKS = YES;
				GCC_WARN_64_TO_32_BIT_CONVERSION = YES;
				GCC_WARN_ABOUT_RETURN_TYPE = YES_ERROR;
				GCC_WARN_UNDECLARED_SELECTOR = YES;
				GCC_WARN_UNINITIALIZED_AUTOS = YES_AGGRESSIVE;
				GCC_WARN_UNUSED_FUNCTION = YES;
				GCC_WARN_UNUSED_VARIABLE = YES;
				IPHONEOS_DEPLOYMENT_TARGET = 16.2;
				MTL_ENABLE_DEBUG_INFO = NO;
				MTL_FAST_MATH = YES;
				SDKROOT = iphoneos;
				SWIFT_COMPILATION_MODE = wholemodule;
				SWIFT_OPTIMIZATION_LEVEL = "-O";
				VALIDATE_PRODUCT = YES;
			};
			name = Release;
		};
		29832A1B29965388000D1BCB /* Debug */ = {
			isa = XCBuildConfiguration;
			buildSettings = {
				ASSETCATALOG_COMPILER_APPICON_NAME = AppIcon;
				ASSETCATALOG_COMPILER_GLOBAL_ACCENT_COLOR_NAME = AccentColor;
				CODE_SIGN_STYLE = Automatic;
				CURRENT_PROJECT_VERSION = 1;
				DEVELOPMENT_ASSET_PATHS = "\"MyPodcast/Preview Content\"";
				ENABLE_PREVIEWS = YES;
				GENERATE_INFOPLIST_FILE = YES;
				INFOPLIST_KEY_UIApplicationSceneManifest_Generation = YES;
				INFOPLIST_KEY_UIApplicationSupportsIndirectInputEvents = YES;
				INFOPLIST_KEY_UILaunchScreen_Generation = YES;
				INFOPLIST_KEY_UISupportedInterfaceOrientations_iPad = "UIInterfaceOrientationPortrait UIInterfaceOrientationPortraitUpsideDown UIInterfaceOrientationLandscapeLeft UIInterfaceOrientationLandscapeRight";
				INFOPLIST_KEY_UISupportedInterfaceOrientations_iPhone = "UIInterfaceOrientationPortrait UIInterfaceOrientationLandscapeLeft UIInterfaceOrientationLandscapeRight";
				LD_RUNPATH_SEARCH_PATHS = (
					"$(inherited)",
					"@executable_path/Frameworks",
				);
				MARKETING_VERSION = 1.0;
				PRODUCT_BUNDLE_IDENTIFIER = dzk.MyPodcast;
				PRODUCT_NAME = "$(TARGET_NAME)";
				SWIFT_EMIT_LOC_STRINGS = YES;
				SWIFT_VERSION = 5.0;
				TARGETED_DEVICE_FAMILY = "1,2";
			};
			name = Debug;
		};
		29832A1C29965388000D1BCB /* Release */ = {
			isa = XCBuildConfiguration;
			buildSettings = {
				ASSETCATALOG_COMPILER_APPICON_NAME = AppIcon;
				ASSETCATALOG_COMPILER_GLOBAL_ACCENT_COLOR_NAME = AccentColor;
				CODE_SIGN_STYLE = Automatic;
				CURRENT_PROJECT_VERSION = 1;
				DEVELOPMENT_ASSET_PATHS = "\"MyPodcast/Preview Content\"";
				ENABLE_PREVIEWS = YES;
				GENERATE_INFOPLIST_FILE = YES;
				INFOPLIST_KEY_UIApplicationSceneManifest_Generation = YES;
				INFOPLIST_KEY_UIApplicationSupportsIndirectInputEvents = YES;
				INFOPLIST_KEY_UILaunchScreen_Generation = YES;
				INFOPLIST_KEY_UISupportedInterfaceOrientations_iPad = "UIInterfaceOrientationPortrait UIInterfaceOrientationPortraitUpsideDown UIInterfaceOrientationLandscapeLeft UIInterfaceOrientationLandscapeRight";
				INFOPLIST_KEY_UISupportedInterfaceOrientations_iPhone = "UIInterfaceOrientationPortrait UIInterfaceOrientationLandscapeLeft UIInterfaceOrientationLandscapeRight";
				LD_RUNPATH_SEARCH_PATHS = (
					"$(inherited)",
					"@executable_path/Frameworks",
				);
				MARKETING_VERSION = 1.0;
				PRODUCT_BUNDLE_IDENTIFIER = dzk.MyPodcast;
				PRODUCT_NAME = "$(TARGET_NAME)";
				SWIFT_EMIT_LOC_STRINGS = YES;
				SWIFT_VERSION = 5.0;
				TARGETED_DEVICE_FAMILY = "1,2";
			};
			name = Release;
		};
		29832A1E29965388000D1BCB /* Debug */ = {
			isa = XCBuildConfiguration;
			buildSettings = {
				ALWAYS_EMBED_SWIFT_STANDARD_LIBRARIES = YES;
				BUNDLE_LOADER = "$(TEST_HOST)";
				CODE_SIGN_STYLE = Automatic;
				CURRENT_PROJECT_VERSION = 1;
				GENERATE_INFOPLIST_FILE = YES;
				IPHONEOS_DEPLOYMENT_TARGET = 16.2;
				MARKETING_VERSION = 1.0;
				PRODUCT_BUNDLE_IDENTIFIER = dzk.MyPodcastTests;
				PRODUCT_NAME = "$(TARGET_NAME)";
				SWIFT_EMIT_LOC_STRINGS = NO;
				SWIFT_VERSION = 5.0;
				TARGETED_DEVICE_FAMILY = "1,2";
				TEST_HOST = "$(BUILT_PRODUCTS_DIR)/MyPodcast.app/$(BUNDLE_EXECUTABLE_FOLDER_PATH)/MyPodcast";
			};
			name = Debug;
		};
		29832A1F29965388000D1BCB /* Release */ = {
			isa = XCBuildConfiguration;
			buildSettings = {
				ALWAYS_EMBED_SWIFT_STANDARD_LIBRARIES = YES;
				BUNDLE_LOADER = "$(TEST_HOST)";
				CODE_SIGN_STYLE = Automatic;
				CURRENT_PROJECT_VERSION = 1;
				GENERATE_INFOPLIST_FILE = YES;
				IPHONEOS_DEPLOYMENT_TARGET = 16.2;
				MARKETING_VERSION = 1.0;
				PRODUCT_BUNDLE_IDENTIFIER = dzk.MyPodcastTests;
				PRODUCT_NAME = "$(TARGET_NAME)";
				SWIFT_EMIT_LOC_STRINGS = NO;
				SWIFT_VERSION = 5.0;
				TARGETED_DEVICE_FAMILY = "1,2";
				TEST_HOST = "$(BUILT_PRODUCTS_DIR)/MyPodcast.app/$(BUNDLE_EXECUTABLE_FOLDER_PATH)/MyPodcast";
			};
			name = Release;
		};
		29832A2129965388000D1BCB /* Debug */ = {
			isa = XCBuildConfiguration;
			buildSettings = {
				ALWAYS_EMBED_SWIFT_STANDARD_LIBRARIES = YES;
				CODE_SIGN_STYLE = Automatic;
				CURRENT_PROJECT_VERSION = 1;
				GENERATE_INFOPLIST_FILE = YES;
				MARKETING_VERSION = 1.0;
				PRODUCT_BUNDLE_IDENTIFIER = dzk.MyPodcastUITests;
				PRODUCT_NAME = "$(TARGET_NAME)";
				SWIFT_EMIT_LOC_STRINGS = NO;
				SWIFT_VERSION = 5.0;
				TARGETED_DEVICE_FAMILY = "1,2";
				TEST_TARGET_NAME = MyPodcast;
			};
			name = Debug;
		};
		29832A2229965388000D1BCB /* Release */ = {
			isa = XCBuildConfiguration;
			buildSettings = {
				ALWAYS_EMBED_SWIFT_STANDARD_LIBRARIES = YES;
				CODE_SIGN_STYLE = Automatic;
				CURRENT_PROJECT_VERSION = 1;
				GENERATE_INFOPLIST_FILE = YES;
				MARKETING_VERSION = 1.0;
				PRODUCT_BUNDLE_IDENTIFIER = dzk.MyPodcastUITests;
				PRODUCT_NAME = "$(TARGET_NAME)";
				SWIFT_EMIT_LOC_STRINGS = NO;
				SWIFT_VERSION = 5.0;
				TARGETED_DEVICE_FAMILY = "1,2";
				TEST_TARGET_NAME = MyPodcast;
			};
			name = Release;
		};
/* End XCBuildConfiguration section */

/* Begin XCConfigurationList section */
		298329F129965387000D1BCB /* Build configuration list for PBXProject "MyPodcast" */ = {
			isa = XCConfigurationList;
			buildConfigurations = (
				29832A1829965388000D1BCB /* Debug */,
				29832A1929965388000D1BCB /* Release */,
			);
			defaultConfigurationIsVisible = 0;
			defaultConfigurationName = Release;
		};
		29832A1A29965388000D1BCB /* Build configuration list for PBXNativeTarget "MyPodcast" */ = {
			isa = XCConfigurationList;
			buildConfigurations = (
				29832A1B29965388000D1BCB /* Debug */,
				29832A1C29965388000D1BCB /* Release */,
			);
			defaultConfigurationIsVisible = 0;
			defaultConfigurationName = Release;
		};
		29832A1D29965388000D1BCB /* Build configuration list for PBXNativeTarget "MyPodcastTests" */ = {
			isa = XCConfigurationList;
			buildConfigurations = (
				29832A1E29965388000D1BCB /* Debug */,
				29832A1F29965388000D1BCB /* Release */,
			);
			defaultConfigurationIsVisible = 0;
			defaultConfigurationName = Release;
		};
		29832A2029965388000D1BCB /* Build configuration list for PBXNativeTarget "MyPodcastUITests" */ = {
			isa = XCConfigurationList;
			buildConfigurations = (
				29832A2129965388000D1BCB /* Debug */,
				29832A2229965388000D1BCB /* Release */,
			);
			defaultConfigurationIsVisible = 0;
			defaultConfigurationName = Release;
		};
/* End XCConfigurationList section */
	};
	rootObject = 298329EE29965387000D1BCB /* Project object */;
}
